
Microsoft Visual Studio Solution File, Format Version 12.00
# Visual Studio Version 16
VisualStudioVersion = 16.0.31402.337
MinimumVisualStudioVersion = 10.0.40219.1
Project("{FAE04EC0-301F-11D3-BF4B-00C04F79EFBC}") = "Progress_SKYRIM_Quest", "Progress_SKYRIM_Quest\Progress_SKYRIM_Quest.csproj", "{77210C65-2900-4232-8C79-0D1267F5EA2C}"
EndProject
Global
	GlobalSection(SolutionConfigurationPlatforms) = preSolution
		Debug|Any CPU = Debug|Any CPU
		Release|Any CPU = Release|Any CPU
	EndGlobalSection
	GlobalSection(ProjectConfigurationPlatforms) = postSolution
		{77210C65-2900-4232-8C79-0D1267F5EA2C}.Debug|Any CPU.ActiveCfg = Debug|Any CPU
		{77210C65-2900-4232-8C79-0D1267F5EA2C}.Debug|Any CPU.Build.0 = Debug|Any CPU
		{77210C65-2900-4232-8C79-0D1267F5EA2C}.Release|Any CPU.ActiveCfg = Release|Any CPU
		{77210C65-2900-4232-8C79-0D1267F5EA2C}.Release|Any CPU.Build.0 = Release|Any CPU
	EndGlobalSection
	GlobalSection(SolutionProperties) = preSolution
		HideSolutionNode = FALSE
	EndGlobalSection
	GlobalSection(ExtensibilityGlobals) = postSolution
		SolutionGuid = {6D830937-C332-48E1-9CBE-CF1F67E4C213}
	EndGlobalSection
EndGlobal
