
Microsoft Visual Studio Solution File, Format Version 12.00
# Visual Studio Version 16
VisualStudioVersion = 16.0.31402.337
MinimumVisualStudioVersion = 10.0.40219.1
Project("{FAE04EC0-301F-11D3-BF4B-00C04F79EFBC}") = "xmlOld", "xmlOld\xmlOld.csproj", "{F3411010-FEB8-4A92-B9E5-69D2DC6EF1BC}"
EndProject
Global
	GlobalSection(SolutionConfigurationPlatforms) = preSolution
		Debug|Any CPU = Debug|Any CPU
		Release|Any CPU = Release|Any CPU
	EndGlobalSection
	GlobalSection(ProjectConfigurationPlatforms) = postSolution
		{F3411010-FEB8-4A92-B9E5-69D2DC6EF1BC}.Debug|Any CPU.ActiveCfg = Debug|Any CPU
		{F3411010-FEB8-4A92-B9E5-69D2DC6EF1BC}.Debug|Any CPU.Build.0 = Debug|Any CPU
		{F3411010-FEB8-4A92-B9E5-69D2DC6EF1BC}.Release|Any CPU.ActiveCfg = Release|Any CPU
		{F3411010-FEB8-4A92-B9E5-69D2DC6EF1BC}.Release|Any CPU.Build.0 = Release|Any CPU
	EndGlobalSection
	GlobalSection(SolutionProperties) = preSolution
		HideSolutionNode = FALSE
	EndGlobalSection
	GlobalSection(ExtensibilityGlobals) = postSolution
		SolutionGuid = {996FFA83-93F8-4A2D-ACBB-934EFE514982}
	EndGlobalSection
EndGlobal
